
Microsoft Visual Studio Solution File, Format Version 10.00
# Visual Studio 2008
Project("{FAE04EC0-301F-11D3-BF4B-00C04F79EFBC}") = "AWARE_SQL_Transporter", "AWARE_SQL_Transporter\AWARE_SQL_Transporter.csproj", "{BFD371D2-2D41-4975-B9DD-1EC66F1940E4}"
EndProject
Global
	GlobalSection(SolutionConfigurationPlatforms) = preSolution
		Debug|Any CPU = Debug|Any CPU
		Release|Any CPU = Release|Any CPU
	EndGlobalSection
	GlobalSection(ProjectConfigurationPlatforms) = postSolution
		{BFD371D2-2D41-4975-B9DD-1EC66F1940E4}.Debug|Any CPU.ActiveCfg = Debug|Any CPU
		{BFD371D2-2D41-4975-B9DD-1EC66F1940E4}.Debug|Any CPU.Build.0 = Debug|Any CPU
		{BFD371D2-2D41-4975-B9DD-1EC66F1940E4}.Release|Any CPU.ActiveCfg = Release|Any CPU
		{BFD371D2-2D41-4975-B9DD-1EC66F1940E4}.Release|Any CPU.Build.0 = Release|Any CPU
	EndGlobalSection
	GlobalSection(SolutionProperties) = preSolution
		HideSolutionNode = FALSE
	EndGlobalSection
EndGlobal
