
Microsoft Visual Studio Solution File, Format Version 11.00
# Visual Studio 2010
Project("{FAE04EC0-301F-11D3-BF4B-00C04F79EFBC}") = "AwareQIManager", "AwareQIManager\AwareQIManager.csproj", "{84451DBD-0039-46A4-B882-73E0B9EE2609}"
EndProject
Project("{FAE04EC0-301F-11D3-BF4B-00C04F79EFBC}") = "AwareSecHelpers", "AwareSecHelpers\AwareSecHelpers.csproj", "{290BAC94-593D-491B-8D2A-63065BDF3E7F}"
EndProject
Project("{FAE04EC0-301F-11D3-BF4B-00C04F79EFBC}") = "AwareHelpersLib", "AwareHelpersLib\AwareHelpersLib.csproj", "{A4813B4B-4334-4989-9DEF-E31C299C4B4D}"
EndProject
Global
	GlobalSection(SolutionConfigurationPlatforms) = preSolution
		Debug|Any CPU = Debug|Any CPU
		Release|Any CPU = Release|Any CPU
	EndGlobalSection
	GlobalSection(ProjectConfigurationPlatforms) = postSolution
		{84451DBD-0039-46A4-B882-73E0B9EE2609}.Debug|Any CPU.ActiveCfg = Debug|Any CPU
		{84451DBD-0039-46A4-B882-73E0B9EE2609}.Debug|Any CPU.Build.0 = Debug|Any CPU
		{84451DBD-0039-46A4-B882-73E0B9EE2609}.Release|Any CPU.ActiveCfg = Release|Any CPU
		{84451DBD-0039-46A4-B882-73E0B9EE2609}.Release|Any CPU.Build.0 = Release|Any CPU
		{290BAC94-593D-491B-8D2A-63065BDF3E7F}.Debug|Any CPU.ActiveCfg = Debug|Any CPU
		{290BAC94-593D-491B-8D2A-63065BDF3E7F}.Debug|Any CPU.Build.0 = Debug|Any CPU
		{290BAC94-593D-491B-8D2A-63065BDF3E7F}.Release|Any CPU.ActiveCfg = Release|Any CPU
		{290BAC94-593D-491B-8D2A-63065BDF3E7F}.Release|Any CPU.Build.0 = Release|Any CPU
		{A4813B4B-4334-4989-9DEF-E31C299C4B4D}.Debug|Any CPU.ActiveCfg = Debug|Any CPU
		{A4813B4B-4334-4989-9DEF-E31C299C4B4D}.Debug|Any CPU.Build.0 = Debug|Any CPU
		{A4813B4B-4334-4989-9DEF-E31C299C4B4D}.Release|Any CPU.ActiveCfg = Release|Any CPU
		{A4813B4B-4334-4989-9DEF-E31C299C4B4D}.Release|Any CPU.Build.0 = Release|Any CPU
	EndGlobalSection
	GlobalSection(SolutionProperties) = preSolution
		HideSolutionNode = FALSE
	EndGlobalSection
EndGlobal
