<?xml version="1.0" encoding="utf-8"?>
<Project xmlns="http://schemas.microsoft.com/developer/msbuild/2003">
  <PropertyGroup>
    <ProjectGuid>{c48336b2-dda6-4aba-ad0a-a05e38fef634}</ProjectGuid>
    <MainSource>write4cprsext.dpr</MainSource>
    <Configuration Condition=" '$(Configuration)' == '' ">Debug</Configuration>
    <Platform Condition=" '$(Platform)' == '' ">AnyCPU</Platform>
    <DCC_DCCCompiler>DCC32</DCC_DCCCompiler>
    <DCC_DependencyCheckOutputName>write4cprsext.dll</DCC_DependencyCheckOutputName>
    <DCC_UsePackage>vclx;vcl;dbrtl;Rave75VCL;bdertl;rtl;vclactnband;vcldb;vcldbx;dsnap;dsnapcon;teeUI;teedb;tee;adortl;vclib;ibxpress;dbxcds;dbexpress;DbxCommonDriver;IndyCore;IndySystem;IndyProtocols;xmlrtl;inet;IntrawebDB_90_100;Intraweb_90_100;VclSmp;vclie;websnap;webdsnap;inetdbbde;inetdbxpress;soaprtl;XWB_R70</DCC_UsePackage>
  </PropertyGroup>
  <PropertyGroup Condition=" '$(Configuration)|$(Platform)' == 'Release|AnyCPU' ">
    <Version>7.0</Version>
    <DCC_DebugInformation>False</DCC_DebugInformation>
    <DCC_LocalDebugSymbols>False</DCC_LocalDebugSymbols>
    <DCC_SymbolReferenceInfo>0</DCC_SymbolReferenceInfo>
    <DCC_Define>RELEASE</DCC_Define>
  </PropertyGroup>
  <PropertyGroup Condition=" '$(Configuration)|$(Platform)' == 'Debug|AnyCPU' ">
    <Version>7.0</Version>
    <DCC_Define>DEBUG</DCC_Define>
    <DCC_DcpOutput>C:\Documents and Settings\insanmaster\My Documents\RAD Studio\Projects</DCC_DcpOutput>
    <DCC_UnitSearchPath>C:\Program Files\CodeGear\RAD Studio\5.0\bin;C:\Source_Code\OR_30_296_SRC\OR_SRC_CREATION\BDK47\XWB1_1P47T2\BDK32P47\Source;C:\Documents and Settings\insanmaster\My Documents\intercept\recomobjectforcprsincludingalertexample\fmdc1;C:\Documents and Settings\insanmaster\My Documents\CPRS\OR_30_304_SRC\OR_SRC_CREATION\CPRS-Lib;C:\Documents and Settings\insanmaster\My Documents\CPRS\OR_30_304_SRC\OR_SRC_CREATION\VA;C:\Program Files\CodeGear\RAD Studio\5.0\Help\Win32;C:\Program Files\CodeGear\RAD Studio\5.0\Help\Doc;C:\Documents and Settings\insanmaster\My Documents\CPRS\OR_30_304_SRC\OR_SRC_CREATION\Packages;C:\Documents and Settings\insanmaster\My Documents\CPRS\OR_30_304_SRC\OR_SRC_CREATION\CPRS-chart;C:\Documents and Settings\insanmaster\My Documents\CPRS\OR_30_304_SRC\OR_SRC_CREATION\CPRS-chart\Orders;C:\Documents and Settings\insanmaster\My Documents\CPRS\OR_30_304_SRC\OR_SRC_CREATION\CPRS-chart\BA;C:\Documents and Settings\insanmaster\My Documents\CPRS\OR_30_304_SRC\OR_SRC_CREATION\VA\VA508Accessibility;C:\Documents and Settings\insanmaster\My Documents\CPRS\OR_30_304_SRC\OR_SRC_CREATION\CPRS-chart\Encounter;C:\Documents and Settings\insanmaster\My Documents\CPRS\OR_30_304_SRC\OR_SRC_CREATION\CPRS-chart\Consults;C:\Documents and Settings\insanmaster\My Documents\CPRS\OR_30_304_SRC\OR_SRC_CREATION\CPRS-chart\Vitals;C:\Documents and Settings\insanmaster\My Documents\CPRS\OR_30_304_SRC\OR_SRC_CREATION\CPRS-chart\Templates;C:\Documents and Settings\insanmaster\My Documents\CPRS\OR_30_304_SRC\OR_SRC_CREATION\CPRS-chart\Options;C:\Documents and Settings\insanmaster\My Documents\CPRS\OR_30_304_SRC\OR_SRC_CREATION\CPRS-chart\Window-Eyes Support Files;C:\Documents and Settings\insanmaster\My Documents\CPRS\OR_30_304_SRC\OR_SRC_CREATION\CPRS-chart\JAWS Support Files;C:\Documents and Settings\insanmaster\My Documents\CPRS\OR_30_304_SRC\OR_SRC_CREATION\VA\VA508Accessibility\JAWS;C:\Documents and Settings\insanmaster\My Documents\CPRS\OR_30_304_SRC\OR_SRC_CREATION\VA\VA508Accessibility\JAWUpdate</DCC_UnitSearchPath>
    <DCC_ResourcePath>C:\Program Files\CodeGear\RAD Studio\5.0\bin;C:\Source_Code\OR_30_296_SRC\OR_SRC_CREATION\BDK47\XWB1_1P47T2\BDK32P47\Source;C:\Documents and Settings\insanmaster\My Documents\intercept\recomobjectforcprsincludingalertexample\fmdc1;C:\Documents and Settings\insanmaster\My Documents\CPRS\OR_30_304_SRC\OR_SRC_CREATION\CPRS-Lib;C:\Documents and Settings\insanmaster\My Documents\CPRS\OR_30_304_SRC\OR_SRC_CREATION\VA;C:\Program Files\CodeGear\RAD Studio\5.0\Help\Win32;C:\Program Files\CodeGear\RAD Studio\5.0\Help\Doc;C:\Documents and Settings\insanmaster\My Documents\CPRS\OR_30_304_SRC\OR_SRC_CREATION\Packages;C:\Documents and Settings\insanmaster\My Documents\CPRS\OR_30_304_SRC\OR_SRC_CREATION\CPRS-chart;C:\Documents and Settings\insanmaster\My Documents\CPRS\OR_30_304_SRC\OR_SRC_CREATION\CPRS-chart\Orders;C:\Documents and Settings\insanmaster\My Documents\CPRS\OR_30_304_SRC\OR_SRC_CREATION\CPRS-chart\BA;C:\Documents and Settings\insanmaster\My Documents\CPRS\OR_30_304_SRC\OR_SRC_CREATION\VA\VA508Accessibility;C:\Documents and Settings\insanmaster\My Documents\CPRS\OR_30_304_SRC\OR_SRC_CREATION\CPRS-chart\Encounter;C:\Documents and Settings\insanmaster\My Documents\CPRS\OR_30_304_SRC\OR_SRC_CREATION\CPRS-chart\Consults;C:\Documents and Settings\insanmaster\My Documents\CPRS\OR_30_304_SRC\OR_SRC_CREATION\CPRS-chart\Vitals;C:\Documents and Settings\insanmaster\My Documents\CPRS\OR_30_304_SRC\OR_SRC_CREATION\CPRS-chart\Templates;C:\Documents and Settings\insanmaster\My Documents\CPRS\OR_30_304_SRC\OR_SRC_CREATION\CPRS-chart\Options;C:\Documents and Settings\insanmaster\My Documents\CPRS\OR_30_304_SRC\OR_SRC_CREATION\CPRS-chart\Window-Eyes Support Files;C:\Documents and Settings\insanmaster\My Documents\CPRS\OR_30_304_SRC\OR_SRC_CREATION\CPRS-chart\JAWS Support Files;C:\Documents and Settings\insanmaster\My Documents\CPRS\OR_30_304_SRC\OR_SRC_CREATION\VA\VA508Accessibility\JAWS;C:\Documents and Settings\insanmaster\My Documents\CPRS\OR_30_304_SRC\OR_SRC_CREATION\VA\VA508Accessibility\JAWUpdate</DCC_ResourcePath>
    <DCC_ObjPath>C:\Program Files\CodeGear\RAD Studio\5.0\bin;C:\Source_Code\OR_30_296_SRC\OR_SRC_CREATION\BDK47\XWB1_1P47T2\BDK32P47\Source;C:\Documents and Settings\insanmaster\My Documents\intercept\recomobjectforcprsincludingalertexample\fmdc1;C:\Documents and Settings\insanmaster\My Documents\CPRS\OR_30_304_SRC\OR_SRC_CREATION\CPRS-Lib;C:\Documents and Settings\insanmaster\My Documents\CPRS\OR_30_304_SRC\OR_SRC_CREATION\VA;C:\Program Files\CodeGear\RAD Studio\5.0\Help\Win32;C:\Program Files\CodeGear\RAD Studio\5.0\Help\Doc;C:\Documents and Settings\insanmaster\My Documents\CPRS\OR_30_304_SRC\OR_SRC_CREATION\Packages;C:\Documents and Settings\insanmaster\My Documents\CPRS\OR_30_304_SRC\OR_SRC_CREATION\CPRS-chart;C:\Documents and Settings\insanmaster\My Documents\CPRS\OR_30_304_SRC\OR_SRC_CREATION\CPRS-chart\Orders;C:\Documents and Settings\insanmaster\My Documents\CPRS\OR_30_304_SRC\OR_SRC_CREATION\CPRS-chart\BA;C:\Documents and Settings\insanmaster\My Documents\CPRS\OR_30_304_SRC\OR_SRC_CREATION\VA\VA508Accessibility;C:\Documents and Settings\insanmaster\My Documents\CPRS\OR_30_304_SRC\OR_SRC_CREATION\CPRS-chart\Encounter;C:\Documents and Settings\insanmaster\My Documents\CPRS\OR_30_304_SRC\OR_SRC_CREATION\CPRS-chart\Consults;C:\Documents and Settings\insanmaster\My Documents\CPRS\OR_30_304_SRC\OR_SRC_CREATION\CPRS-chart\Vitals;C:\Documents and Settings\insanmaster\My Documents\CPRS\OR_30_304_SRC\OR_SRC_CREATION\CPRS-chart\Templates;C:\Documents and Settings\insanmaster\My Documents\CPRS\OR_30_304_SRC\OR_SRC_CREATION\CPRS-chart\Options;C:\Documents and Settings\insanmaster\My Documents\CPRS\OR_30_304_SRC\OR_SRC_CREATION\CPRS-chart\Window-Eyes Support Files;C:\Documents and Settings\insanmaster\My Documents\CPRS\OR_30_304_SRC\OR_SRC_CREATION\CPRS-chart\JAWS Support Files;C:\Documents and Settings\insanmaster\My Documents\CPRS\OR_30_304_SRC\OR_SRC_CREATION\VA\VA508Accessibility\JAWS;C:\Documents and Settings\insanmaster\My Documents\CPRS\OR_30_304_SRC\OR_SRC_CREATION\VA\VA508Accessibility\JAWUpdate</DCC_ObjPath>
    <DCC_IncludePath>C:\Program Files\CodeGear\RAD Studio\5.0\bin;C:\Source_Code\OR_30_296_SRC\OR_SRC_CREATION\BDK47\XWB1_1P47T2\BDK32P47\Source;C:\Documents and Settings\insanmaster\My Documents\intercept\recomobjectforcprsincludingalertexample\fmdc1;C:\Documents and Settings\insanmaster\My Documents\CPRS\OR_30_304_SRC\OR_SRC_CREATION\CPRS-Lib;C:\Documents and Settings\insanmaster\My Documents\CPRS\OR_30_304_SRC\OR_SRC_CREATION\VA;C:\Program Files\CodeGear\RAD Studio\5.0\Help\Win32;C:\Program Files\CodeGear\RAD Studio\5.0\Help\Doc;C:\Documents and Settings\insanmaster\My Documents\CPRS\OR_30_304_SRC\OR_SRC_CREATION\Packages;C:\Documents and Settings\insanmaster\My Documents\CPRS\OR_30_304_SRC\OR_SRC_CREATION\CPRS-chart;C:\Documents and Settings\insanmaster\My Documents\CPRS\OR_30_304_SRC\OR_SRC_CREATION\CPRS-chart\Orders;C:\Documents and Settings\insanmaster\My Documents\CPRS\OR_30_304_SRC\OR_SRC_CREATION\CPRS-chart\BA;C:\Documents and Settings\insanmaster\My Documents\CPRS\OR_30_304_SRC\OR_SRC_CREATION\VA\VA508Accessibility;C:\Documents and Settings\insanmaster\My Documents\CPRS\OR_30_304_SRC\OR_SRC_CREATION\CPRS-chart\Encounter;C:\Documents and Settings\insanmaster\My Documents\CPRS\OR_30_304_SRC\OR_SRC_CREATION\CPRS-chart\Consults;C:\Documents and Settings\insanmaster\My Documents\CPRS\OR_30_304_SRC\OR_SRC_CREATION\CPRS-chart\Vitals;C:\Documents and Settings\insanmaster\My Documents\CPRS\OR_30_304_SRC\OR_SRC_CREATION\CPRS-chart\Templates;C:\Documents and Settings\insanmaster\My Documents\CPRS\OR_30_304_SRC\OR_SRC_CREATION\CPRS-chart\Options;C:\Documents and Settings\insanmaster\My Documents\CPRS\OR_30_304_SRC\OR_SRC_CREATION\CPRS-chart\Window-Eyes Support Files;C:\Documents and Settings\insanmaster\My Documents\CPRS\OR_30_304_SRC\OR_SRC_CREATION\CPRS-chart\JAWS Support Files;C:\Documents and Settings\insanmaster\My Documents\CPRS\OR_30_304_SRC\OR_SRC_CREATION\VA\VA508Accessibility\JAWS;C:\Documents and Settings\insanmaster\My Documents\CPRS\OR_30_304_SRC\OR_SRC_CREATION\VA\VA508Accessibility\JAWUpdate</DCC_IncludePath>
  </PropertyGroup>
  <ProjectExtensions>
    <Borland.Personality>Delphi.Personality</Borland.Personality>
    <Borland.ProjectType>VCLApplication</Borland.ProjectType>
    <BorlandProject>
<BorlandProject><Delphi.Personality><Parameters><Parameters Name="UseLauncher">False</Parameters><Parameters Name="LoadAllSymbols">True</Parameters><Parameters Name="LoadUnspecifiedSymbols">False</Parameters></Parameters><VersionInfo><VersionInfo Name="IncludeVerInfo">False</VersionInfo><VersionInfo Name="AutoIncBuild">False</VersionInfo><VersionInfo Name="MajorVer">1</VersionInfo><VersionInfo Name="MinorVer">0</VersionInfo><VersionInfo Name="Release">0</VersionInfo><VersionInfo Name="Build">0</VersionInfo><VersionInfo Name="Debug">False</VersionInfo><VersionInfo Name="PreRelease">False</VersionInfo><VersionInfo Name="Special">False</VersionInfo><VersionInfo Name="Private">False</VersionInfo><VersionInfo Name="DLL">False</VersionInfo><VersionInfo Name="Locale">1033</VersionInfo><VersionInfo Name="CodePage">1252</VersionInfo></VersionInfo><VersionInfoKeys><VersionInfoKeys Name="CompanyName"></VersionInfoKeys><VersionInfoKeys Name="FileDescription"></VersionInfoKeys><VersionInfoKeys Name="FileVersion">1.0.0.0</VersionInfoKeys><VersionInfoKeys Name="InternalName"></VersionInfoKeys><VersionInfoKeys Name="LegalCopyright"></VersionInfoKeys><VersionInfoKeys Name="LegalTrademarks"></VersionInfoKeys><VersionInfoKeys Name="OriginalFilename"></VersionInfoKeys><VersionInfoKeys Name="ProductName"></VersionInfoKeys><VersionInfoKeys Name="ProductVersion">1.0.0.0</VersionInfoKeys><VersionInfoKeys Name="Comments"></VersionInfoKeys></VersionInfoKeys><Source><Source Name="MainSource">write4cprsext.dpr</Source></Source><TypeLibOptions><TypeLibOptions Name="AutoRegisterTLB">False</TypeLibOptions><TypeLibOptions Name="AutoGenImportAssembly">False</TypeLibOptions></TypeLibOptions><Excluded_Packages>
      
      
      
      
      <Excluded_Packages Name="$(BDS)\bin\XWB_R70.bpl">VistA RPC Broker Runtime Package</Excluded_Packages>
      <Excluded_Packages Name="C:\Documents and Settings\insanmaster\My Documents\CPRS\OR_30_304_SRC\OR_SRC_CREATION\Packages\ORCtrlLib2006.bpl">CPRS Custom Controls</Excluded_Packages>
      <Excluded_Packages Name="$(BDS)\bin\dcloffice2k100.bpl">Microsoft Office 2000 Sample Automation Server Wrapper Components</Excluded_Packages>
      <Excluded_Packages Name="$(BDS)\bin\dclofficexp100.bpl">Microsoft Office XP Sample Automation Server Wrapper Components</Excluded_Packages>
    </Excluded_Packages></Delphi.Personality></BorlandProject></BorlandProject>
  </ProjectExtensions>
  <Import Project="$(MSBuildBinPath)\Borland.Delphi.Targets" />
  <ItemGroup>
    <DelphiCompile Include="write4cprsext.dpr">
      <MainSource>MainSource</MainSource>
    </DelphiCompile>
    <DCCReference Include="..\" />
    <DCCReference Include="..\..\" />
    <DCCReference Include="..\..\..\intercept" />
    <DCCReference Include="..\..\I" />
    <DCCReference Include="..\..\Im" />
    <DCCReference Include="..\..\Imp" />
    <DCCReference Include="..\..\Impo" />
    <DCCReference Include="..\..\Impor" />
    <DCCReference Include="..\..\Import" />
    <DCCReference Include="..\..\Imports" />
    <DCCReference Include="..\..\Imports\" />
    <DCCReference Include="..\..\Imports\C" />
    <DCCReference Include="..\..\Imports\CP" />
    <DCCReference Include="..\..\Imports\CPR" />
    <DCCReference Include="..\..\Imports\CPRS" />
    <DCCReference Include="..\..\Imports\CPRSC" />
    <DCCReference Include="..\..\Imports\CPRSCh" />
    <DCCReference Include="..\..\Imports\CPRSCha" />
    <DCCReference Include="..\..\Imports\CPRSChar" />
    <DCCReference Include="..\..\Imports\CPRSChart" />
    <DCCReference Include="..\..\Imports\CPRSChart_" />
    <DCCReference Include="..\..\Imports\CPRSChart_T" />
    <DCCReference Include="..\..\Imports\CPRSChart_TL" />
    <DCCReference Include="..\..\Imports\CPRSChart_TLB" />
    <DCCReference Include="..\..\Imports\CPRSChart_TLB.p" />
    <DCCReference Include="..\..\Imports\CPRSChart_TLB.pa" />
    <DCCReference Include="..\..\Imports\CPRSChart_TLB.pas" />
    <DCCReference Include="..\..\recomobjectforcprsincludingalertexample" />
    <DCCReference Include="..\write4cprsext" />
    <DCCReference Include="AlertIntercept1.pas" />
    <DCCReference Include="FAT3_textok.pas">
      <Form>FATForm</Form>
    </DCCReference>
    <DCCReference Include="FAT4_textok.pas">
      <Form>FATFormS</Form>
    </DCCReference>
    <DCCReference Include="FATHelpScreen.pas">
      <Form>HelpScreen</Form>
    </DCCReference>
    <DCCReference Include="write4cprsext_TLB.pas" />
    <DCCReference Include="writecomobject.pas" />
  </ItemGroup>
</Project>